// !$*UTF8*$!
{
	archiveVersion = 1;
	classes = {
	};
	objectVersion = 50;
	objects = {

/* Begin PBXBuildFile section */
		7272C8D42617045C004E7819 /* InfoView.swift in Sources */ = {isa = PBXBuildFile; fileRef = 7272C8D32617045C004E7819 /* InfoView.swift */; };
		72A4F34026160C5C002B6F1B /* AppDelegate.swift in Sources */ = {isa = PBXBuildFile; fileRef = 72A4F33F26160C5C002B6F1B /* AppDelegate.swift */; };
		72A4F34226160C5C002B6F1B /* SceneDelegate.swift in Sources */ = {isa = PBXBuildFile; fileRef = 72A4F34126160C5C002B6F1B /* SceneDelegate.swift */; };
		72A4F34426160C5C002B6F1B /* ContentView.swift in Sources */ = {isa = PBXBuildFile; fileRef = 72A4F34326160C5C002B6F1B /* ContentView.swift */; };
		72A4F34626160C5E002B6F1B /* Assets.xcassets in Resources */ = {isa = PBXBuildFile; fileRef = 72A4F34526160C5E002B6F1B /* Assets.xcassets */; };
		72A4F34926160C5E002B6F1B /* Preview Assets.xcassets in Resources */ = {isa = PBXBuildFile; fileRef = 72A4F34826160C5E002B6F1B /* Preview Assets.xcassets */; };
		72A4F34C26160C5E002B6F1B /* LaunchScreen.storyboard in Resources */ = {isa = PBXBuildFile; fileRef = 72A4F34A26160C5E002B6F1B /* LaunchScreen.storyboard */; };
		72A4F35626160CD7002B6F1B /* Pacifico-Regular.ttf in Resources */ = {isa = PBXBuildFile; fileRef = 72A4F35526160CD7002B6F1B /* Pacifico-Regular.ttf */; };
/* End PBXBuildFile section */

/* Begin PBXFileReference section */
		7272C8D32617045C004E7819 /* InfoView.swift */ = {isa = PBXFileReference; lastKnownFileType = sourcecode.swift; path = InfoView.swift; sourceTree = "<group>"; };
		72A4F33C26160C5C002B6F1B /* WaelMofrehCard.app */ = {isa = PBXFileReference; explicitFileType = wrapper.application; includeInIndex = 0; path = WaelMofrehCard.app; sourceTree = BUILT_PRODUCTS_DIR; };
		72A4F33F26160C5C002B6F1B /* AppDelegate.swift */ = {isa = PBXFileReference; lastKnownFileType = sourcecode.swift; path = AppDelegate.swift; sourceTree = "<group>"; };
		72A4F34126160C5C002B6F1B /* SceneDelegate.swift */ = {isa = PBXFileReference; lastKnownFileType = sourcecode.swift; path = SceneDelegate.swift; sourceTree = "<group>"; };
		72A4F34326160C5C002B6F1B /* ContentView.swift */ = {isa = PBXFileReference; lastKnownFileType = sourcecode.swift; path = ContentView.swift; sourceTree = "<group>"; };
		72A4F34526160C5E002B6F1B /* Assets.xcassets */ = {isa = PBXFileReference; lastKnownFileType = folder.assetcatalog; path = Assets.xcassets; sourceTree = "<group>"; };
		72A4F34826160C5E002B6F1B /* Preview Assets.xcassets */ = {isa = PBXFileReference; lastKnownFileType = folder.assetcatalog; path = "Preview Assets.xcassets"; sourceTree = "<group>"; };
		72A4F34B26160C5E002B6F1B /* Base */ = {isa = PBXFileReference; lastKnownFileType = file.storyboard; name = Base; path = Base.lproj/LaunchScreen.storyboard; sourceTree = "<group>"; };
		72A4F34D26160C5E002B6F1B /* Info.plist */ = {isa = PBXFileReference; lastKnownFileType = text.plist.xml; path = Info.plist; sourceTree = "<group>"; };
		72A4F35526160CD7002B6F1B /* Pacifico-Regular.ttf */ = {isa = PBXFileReference; lastKnownFileType = file; path = "Pacifico-Regular.ttf"; sourceTree = "<group>"; };
/* End PBXFileReference section */

/* Begin PBXFrameworksBuildPhase section */
		72A4F33926160C5C002B6F1B /* Frameworks */ = {
			isa = PBXFrameworksBuildPhase;
			buildActionMask = 2147483647;
			files = (
			);
			runOnlyForDeploymentPostprocessing = 0;
		};
/* End PBXFrameworksBuildPhase section */

/* Begin PBXGroup section */
		72A4F33326160C5B002B6F1B = {
			isa = PBXGroup;
			children = (
				72A4F33E26160C5C002B6F1B /* WaelMofrehCard */,
				72A4F33D26160C5C002B6F1B /* Products */,
			);
			sourceTree = "<group>";
		};
		72A4F33D26160C5C002B6F1B /* Products */ = {
			isa = PBXGroup;
			children = (
				72A4F33C26160C5C002B6F1B /* WaelMofrehCard.app */,
			);
			name = Products;
			sourceTree = "<group>";
		};
		72A4F33E26160C5C002B6F1B /* WaelMofrehCard */ = {
			isa = PBXGroup;
			children = (
				72A4F35426160CB9002B6F1B /* Fonts */,
				72A4F33F26160C5C002B6F1B /* AppDelegate.swift */,
				72A4F34126160C5C002B6F1B /* SceneDelegate.swift */,
				72A4F34326160C5C002B6F1B /* ContentView.swift */,
				72A4F34526160C5E002B6F1B /* Assets.xcassets */,
				72A4F34A26160C5E002B6F1B /* LaunchScreen.storyboard */,
				72A4F34D26160C5E002B6F1B /* Info.plist */,
				72A4F34726160C5E002B6F1B /* Preview Content */,
				7272C8D32617045C004E7819 /* InfoView.swift */,
			);
			path = WaelMofrehCard;
			sourceTree = "<group>";
		};
		72A4F34726160C5E002B6F1B /* Preview Content */ = {
			isa = PBXGroup;
			children = (
				72A4F34826160C5E002B6F1B /* Preview Assets.xcassets */,
			);
			path = "Preview Content";
			sourceTree = "<group>";
		};
		72A4F35426160CB9002B6F1B /* Fonts */ = {
			isa = PBXGroup;
			children = (
				72A4F35526160CD7002B6F1B /* Pacifico-Regular.ttf */,
			);
			path = Fonts;
			sourceTree = "<group>";
		};
/* End PBXGroup section */

/* Begin PBXNativeTarget section */
		72A4F33B26160C5C002B6F1B /* WaelMofrehCard */ = {
			isa = PBXNativeTarget;
			buildConfigurationList = 72A4F35026160C5E002B6F1B /* Build configuration list for PBXNativeTarget "WaelMofrehCard" */;
			buildPhases = (
				72A4F33826160C5C002B6F1B /* Sources */,
				72A4F33926160C5C002B6F1B /* Frameworks */,
				72A4F33A26160C5C002B6F1B /* Resources */,
			);
			buildRules = (
			);
			dependencies = (
			);
			name = WaelMofrehCard;
			productName = WaelMofrehCard;
			productReference = 72A4F33C26160C5C002B6F1B /* WaelMofrehCard.app */;
			productType = "com.apple.product-type.application";
		};
/* End PBXNativeTarget section */

/* Begin PBXProject section */
		72A4F33426160C5B002B6F1B /* Project object */ = {
			isa = PBXProject;
			attributes = {
				LastSwiftUpdateCheck = 1230;
				LastUpgradeCheck = 1230;
				TargetAttributes = {
					72A4F33B26160C5C002B6F1B = {
						CreatedOnToolsVersion = 12.3;
					};
				};
			};
			buildConfigurationList = 72A4F33726160C5B002B6F1B /* Build configuration list for PBXProject "WaelMofrehCard" */;
			compatibilityVersion = "Xcode 9.3";
			developmentRegion = en;
			hasScannedForEncodings = 0;
			knownRegions = (
				en,
				Base,
			);
			mainGroup = 72A4F33326160C5B002B6F1B;
			productRefGroup = 72A4F33D26160C5C002B6F1B /* Products */;
			projectDirPath = "";
			projectRoot = "";
			targets = (
				72A4F33B26160C5C002B6F1B /* WaelMofrehCard */,
			);
		};
/* End PBXProject section */

/* Begin PBXResourcesBuildPhase section */
		72A4F33A26160C5C002B6F1B /* Resources */ = {
			isa = PBXResourcesBuildPhase;
			buildActionMask = 2147483647;
			files = (
				72A4F34C26160C5E002B6F1B /* LaunchScreen.storyboard in Resources */,
				72A4F35626160CD7002B6F1B /* Pacifico-Regular.ttf in Resources */,
				72A4F34926160C5E002B6F1B /* Preview Assets.xcassets in Resources */,
				72A4F34626160C5E002B6F1B /* Assets.xcassets in Resources */,
			);
			runOnlyForDeploymentPostprocessing = 0;
		};
/* End PBXResourcesBuildPhase section */

/* Begin PBXSourcesBuildPhase section */
		72A4F33826160C5C002B6F1B /* Sources */ = {
			isa = PBXSourcesBuildPhase;
			buildActionMask = 2147483647;
			files = (
				7272C8D42617045C004E7819 /* InfoView.swift in Sources */,
				72A4F34026160C5C002B6F1B /* AppDelegate.swift in Sources */,
				72A4F34226160C5C002B6F1B /* SceneDelegate.swift in Sources */,
				72A4F34426160C5C002B6F1B /* ContentView.swift in Sources */,
			);
			runOnlyForDeploymentPostprocessing = 0;
		};
/* End PBXSourcesBuildPhase section */

/* Begin PBXVariantGroup section */
		72A4F34A26160C5E002B6F1B /* LaunchScreen.storyboard */ = {
			isa = PBXVariantGroup;
			children = (
				72A4F34B26160C5E002B6F1B /* Base */,
			);
			name = LaunchScreen.storyboard;
			sourceTree = "<group>";
		};
/* End PBXVariantGroup section */

/* Begin XCBuildConfiguration section */
		72A4F34E26160C5E002B6F1B /* Debug */ = {
			isa = XCBuildConfiguration;
			buildSettings = {
				ALWAYS_SEARCH_USER_PATHS = NO;
				CLANG_ANALYZER_NONNULL = YES;
				CLANG_ANALYZER_NUMBER_OBJECT_CONVERSION = YES_AGGRESSIVE;
				CLANG_CXX_LANGUAGE_STANDARD = "gnu++14";
				CLANG_CXX_LIBRARY = "libc++";
				CLANG_ENABLE_MODULES = YES;
				CLANG_ENABLE_OBJC_ARC = YES;
				CLANG_ENABLE_OBJC_WEAK = YES;
				CLANG_WARN_BLOCK_CAPTURE_AUTORELEASING = YES;
				CLANG_WARN_BOOL_CONVERSION = YES;
				CLANG_WARN_COMMA = YES;
				CLANG_WARN_CONSTANT_CONVERSION = YES;
				CLANG_WARN_DEPRECATED_OBJC_IMPLEMENTATIONS = YES;
				CLANG_WARN_DIRECT_OBJC_ISA_USAGE = YES_ERROR;
				CLANG_WARN_DOCUMENTATION_COMMENTS = YES;
				CLANG_WARN_EMPTY_BODY = YES;
				CLANG_WARN_ENUM_CONVERSION = YES;
				CLANG_WARN_INFINITE_RECURSION = YES;
				CLANG_WARN_INT_CONVERSION = YES;
				CLANG_WARN_NON_LITERAL_NULL_CONVERSION = YES;
				CLANG_WARN_OBJC_IMPLICIT_RETAIN_SELF = YES;
				CLANG_WARN_OBJC_LITERAL_CONVERSION = YES;
				CLANG_WARN_OBJC_ROOT_CLASS = YES_ERROR;
				CLANG_WARN_QUOTED_INCLUDE_IN_FRAMEWORK_HEADER = YES;
				CLANG_WARN_RANGE_LOOP_ANALYSIS = YES;
				CLANG_WARN_STRICT_PROTOTYPES = YES;
				CLANG_WARN_SUSPICIOUS_MOVE = YES;
				CLANG_WARN_UNGUARDED_AVAILABILITY = YES_AGGRESSIVE;
				CLANG_WARN_UNREACHABLE_CODE = YES;
				CLANG_WARN__DUPLICATE_METHOD_MATCH = YES;
				COPY_PHASE_STRIP = NO;
				DEBUG_INFORMATION_FORMAT = dwarf;
				ENABLE_STRICT_OBJC_MSGSEND = YES;
				ENABLE_TESTABILITY = YES;
				GCC_C_LANGUAGE_STANDARD = gnu11;
				GCC_DYNAMIC_NO_PIC = NO;
				GCC_NO_COMMON_BLOCKS = YES;
				GCC_OPTIMIZATION_LEVEL = 0;
				GCC_PREPROCESSOR_DEFINITIONS = (
					"DEBUG=1",
					"$(inherited)",
				);
				GCC_WARN_64_TO_32_BIT_CONVERSION = YES;
				GCC_WARN_ABOUT_RETURN_TYPE = YES_ERROR;
				GCC_WARN_UNDECLARED_SELECTOR = YES;
				GCC_WARN_UNINITIALIZED_AUTOS = YES_AGGRESSIVE;
				GCC_WARN_UNUSED_FUNCTION = YES;
				GCC_WARN_UNUSED_VARIABLE = YES;
				IPHONEOS_DEPLOYMENT_TARGET = 14.3;
				MTL_ENABLE_DEBUG_INFO = INCLUDE_SOURCE;
				MTL_FAST_MATH = YES;
				ONLY_ACTIVE_ARCH = YES;
				SDKROOT = iphoneos;
				SWIFT_ACTIVE_COMPILATION_CONDITIONS = DEBUG;
				SWIFT_OPTIMIZATION_LEVEL = "-Onone";
			};
			name = Debug;
		};
		72A4F34F26160C5E002B6F1B /* Release */ = {
			isa = XCBuildConfiguration;
			buildSettings = {
				ALWAYS_SEARCH_USER_PATHS = NO;
				CLANG_ANALYZER_NONNULL = YES;
				CLANG_ANALYZER_NUMBER_OBJECT_CONVERSION = YES_AGGRESSIVE;
				CLANG_CXX_LANGUAGE_STANDARD = "gnu++14";
				CLANG_CXX_LIBRARY = "libc++";
				CLANG_ENABLE_MODULES = YES;
				CLANG_ENABLE_OBJC_ARC = YES;
				CLANG_ENABLE_OBJC_WEAK = YES;
				CLANG_WARN_BLOCK_CAPTURE_AUTORELEASING = YES;
				CLANG_WARN_BOOL_CONVERSION = YES;
				CLANG_WARN_COMMA = YES;
				CLANG_WARN_CONSTANT_CONVERSION = YES;
				CLANG_WARN_DEPRECATED_OBJC_IMPLEMENTATIONS = YES;
				CLANG_WARN_DIRECT_OBJC_ISA_USAGE = YES_ERROR;
				CLANG_WARN_DOCUMENTATION_COMMENTS = YES;
				CLANG_WARN_EMPTY_BODY = YES;
				CLANG_WARN_ENUM_CONVERSION = YES;
				CLANG_WARN_INFINITE_RECURSION = YES;
				CLANG_WARN_INT_CONVERSION = YES;
				CLANG_WARN_NON_LITERAL_NULL_CONVERSION = YES;
				CLANG_WARN_OBJC_IMPLICIT_RETAIN_SELF = YES;
				CLANG_WARN_OBJC_LITERAL_CONVERSION = YES;
				CLANG_WARN_OBJC_ROOT_CLASS = YES_ERROR;
				CLANG_WARN_QUOTED_INCLUDE_IN_FRAMEWORK_HEADER = YES;
				CLANG_WARN_RANGE_LOOP_ANALYSIS = YES;
				CLANG_WARN_STRICT_PROTOTYPES = YES;
				CLANG_WARN_SUSPICIOUS_MOVE = YES;
				CLANG_WARN_UNGUARDED_AVAILABILITY = YES_AGGRESSIVE;
				CLANG_WARN_UNREACHABLE_CODE = YES;
				CLANG_WARN__DUPLICATE_METHOD_MATCH = YES;
				COPY_PHASE_STRIP = NO;
				DEBUG_INFORMATION_FORMAT = "dwarf-with-dsym";
				ENABLE_NS_ASSERTIONS = NO;
				ENABLE_STRICT_OBJC_MSGSEND = YES;
				GCC_C_LANGUAGE_STANDARD = gnu11;
				GCC_NO_COMMON_BLOCKS = YES;
				GCC_WARN_64_TO_32_BIT_CONVERSION = YES;
				GCC_WARN_ABOUT_RETURN_TYPE = YES_ERROR;
				GCC_WARN_UNDECLARED_SELECTOR = YES;
				GCC_WARN_UNINITIALIZED_AUTOS = YES_AGGRESSIVE;
				GCC_WARN_UNUSED_FUNCTION = YES;
				GCC_WARN_UNUSED_VARIABLE = YES;
				IPHONEOS_DEPLOYMENT_TARGET = 14.3;
				MTL_ENABLE_DEBUG_INFO = NO;
				MTL_FAST_MATH = YES;
				SDKROOT = iphoneos;
				SWIFT_COMPILATION_MODE = wholemodule;
				SWIFT_OPTIMIZATION_LEVEL = "-O";
				VALIDATE_PRODUCT = YES;
			};
			name = Release;
		};
		72A4F35126160C5E002B6F1B /* Debug */ = {
			isa = XCBuildConfiguration;
			buildSettings = {
				ASSETCATALOG_COMPILER_APPICON_NAME = AppIcon;
				ASSETCATALOG_COMPILER_GLOBAL_ACCENT_COLOR_NAME = AccentColor;
				CODE_SIGN_STYLE = Automatic;
				DEVELOPMENT_ASSET_PATHS = "\"WaelMofrehCard/Preview Content\"";
				DEVELOPMENT_TEAM = A2X99VMJJZ;
				ENABLE_PREVIEWS = YES;
				INFOPLIST_FILE = WaelMofrehCard/Info.plist;
				LD_RUNPATH_SEARCH_PATHS = (
					"$(inherited)",
					"@executable_path/Frameworks",
				);
				PRODUCT_BUNDLE_IDENTIFIER = waelmofreh.WaelMofrehCard;
				PRODUCT_NAME = "$(TARGET_NAME)";
				SWIFT_VERSION = 5.0;
				TARGETED_DEVICE_FAMILY = "1,2";
			};
			name = Debug;
		};
		72A4F35226160C5E002B6F1B /* Release */ = {
			isa = XCBuildConfiguration;
			buildSettings = {
				ASSETCATALOG_COMPILER_APPICON_NAME = AppIcon;
				ASSETCATALOG_COMPILER_GLOBAL_ACCENT_COLOR_NAME = AccentColor;
				CODE_SIGN_STYLE = Automatic;
				DEVELOPMENT_ASSET_PATHS = "\"WaelMofrehCard/Preview Content\"";
				DEVELOPMENT_TEAM = A2X99VMJJZ;
				ENABLE_PREVIEWS = YES;
				INFOPLIST_FILE = WaelMofrehCard/Info.plist;
				LD_RUNPATH_SEARCH_PATHS = (
					"$(inherited)",
					"@executable_path/Frameworks",
				);
				PRODUCT_BUNDLE_IDENTIFIER = waelmofreh.WaelMofrehCard;
				PRODUCT_NAME = "$(TARGET_NAME)";
				SWIFT_VERSION = 5.0;
				TARGETED_DEVICE_FAMILY = "1,2";
			};
			name = Release;
		};
/* End XCBuildConfiguration section */

/* Begin XCConfigurationList section */
		72A4F33726160C5B002B6F1B /* Build configuration list for PBXProject "WaelMofrehCard" */ = {
			isa = XCConfigurationList;
			buildConfigurations = (
				72A4F34E26160C5E002B6F1B /* Debug */,
				72A4F34F26160C5E002B6F1B /* Release */,
			);
			defaultConfigurationIsVisible = 0;
			defaultConfigurationName = Release;
		};
		72A4F35026160C5E002B6F1B /* Build configuration list for PBXNativeTarget "WaelMofrehCard" */ = {
			isa = XCConfigurationList;
			buildConfigurations = (
				72A4F35126160C5E002B6F1B /* Debug */,
				72A4F35226160C5E002B6F1B /* Release */,
			);
			defaultConfigurationIsVisible = 0;
			defaultConfigurationName = Release;
		};
/* End XCConfigurationList section */
	};
	rootObject = 72A4F33426160C5B002B6F1B /* Project object */;
}
